
Microsoft Visual Studio Solution File, Format Version 12.00
# Visual Studio Version 17
VisualStudioVersion = 17.10.35027.167
MinimumVisualStudioVersion = 10.0.40219.1
Project("{FAE04EC0-301F-11D3-BF4B-00C04F79EFBC}") = "De01", "De01\De01.csproj", "{C91F361B-4D03-4138-9862-8F72A2B7154E}"
EndProject
Global
	GlobalSection(SolutionConfigurationPlatforms) = preSolution
		Debug|Any CPU = Debug|Any CPU
		Release|Any CPU = Release|Any CPU
	EndGlobalSection
	GlobalSection(ProjectConfigurationPlatforms) = postSolution
		{C91F361B-4D03-4138-9862-8F72A2B7154E}.Debug|Any CPU.ActiveCfg = Debug|Any CPU
		{C91F361B-4D03-4138-9862-8F72A2B7154E}.Debug|Any CPU.Build.0 = Debug|Any CPU
		{C91F361B-4D03-4138-9862-8F72A2B7154E}.Release|Any CPU.ActiveCfg = Release|Any CPU
		{C91F361B-4D03-4138-9862-8F72A2B7154E}.Release|Any CPU.Build.0 = Release|Any CPU
	EndGlobalSection
	GlobalSection(SolutionProperties) = preSolution
		HideSolutionNode = FALSE
	EndGlobalSection
	GlobalSection(ExtensibilityGlobals) = postSolution
		SolutionGuid = {4911C178-7768-4632-96A6-4A6DDBC3A5BE}
	EndGlobalSection
EndGlobal
